{
    "_readme": [
        "This file locks the dependencies of your project to a known state",
        "Read more about it at https://getcomposer.org/doc/01-basic-usage.md#composer-lock-the-lock-file",
        "This file is @generated automatically"
    ],
    "hash": "4f8dfc437c70a3c8143bab234717e0fa",
    "content-hash": "4de4cb66ae5c2a278ad312f1b5e6b144",
    "packages": [
        {
            "name": "chippyash/attributes",
            "version": "1.0.0",
            "source": {
                "type": "git",
                "url": "https://github.com/chippyash/attributes.git",
                "reference": "e4432dd2ff142251648fa56484317f12aef9d78f"
            },
            "dist": {
                "type": "zip",
                "url": "https://api.github.com/repos/chippyash/attributes/zipball/e4432dd2ff142251648fa56484317f12aef9d78f",
                "reference": "e4432dd2ff142251648fa56484317f12aef9d78f",
                "shasum": ""
            },
            "require": {
                "chippyash/monad": ">=1,<2",
                "chippyash/strong-type": ">=3,<4",
                "php": ">=5.6"
            },
            "require-dev": {
                "codeclimate/php-test-reporter": "dev-master",
                "phpunit/phpunit": ">=5.7,<6"
            },
            "type": "library",
            "autoload": {
                "psr-4": {
                    "Chippyash\\Attributes\\": "src/Attributes"
                }
            },
            "notification-url": "https://packagist.org/downloads/",
            "license": [
                "GPL-3.0"
            ],
            "authors": [
                {
                    "name": "Ashle Kitson",
                    "email": "ashley@zf4.biz"
                }
            ],
            "description": "Monadic Attribute Maps",
            "time": "2017-06-12 19:59:02"
        },
        {
            "name": "chippyash/monad",
            "version": "1.5.1",
            "source": {
                "type": "git",
                "url": "https://github.com/chippyash/Monad.git",
                "reference": "c24e4661e85a79cc3156c3b8d4d06ca977302d76"
            },
            "dist": {
                "type": "zip",
                "url": "https://api.github.com/repos/chippyash/Monad/zipball/c24e4661e85a79cc3156c3b8d4d06ca977302d76",
                "reference": "c24e4661e85a79cc3156c3b8d4d06ca977302d76",
                "shasum": ""
            },
            "require": {
                "php": ">=5.4"
            },
            "require-dev": {
                "codeclimate/php-test-reporter": "0.3.*",
                "mikey179/vfsstream": "1.6.*",
                "phpunit/phpunit": "~4.3.0"
            },
            "type": "library",
            "autoload": {
                "psr-0": {
                    "Monad\\": "src\\chippyash"
                }
            },
            "notification-url": "https://packagist.org/downloads/",
            "license": [
                "GPL 3.0"
            ],
            "authors": [
                {
                    "name": "Ashley Kitson",
                    "email": "ashley@zf4.biz"
                }
            ],
            "description": "Functional programming Monad support",
            "homepage": "http://zf4.biz/packages?utm_source=packagist&utm_medium=web&utm_campaign=blinks&utm_content=monad",
            "keywords": [
                "Match",
                "collection",
                "functional",
                "identity",
                "monad",
                "option",
                "try"
            ],
            "time": "2017-06-11 10:32:45"
        },
        {
            "name": "chippyash/strong-type",
            "version": "3.0.2",
            "source": {
                "type": "git",
                "url": "https://github.com/chippyash/Strong-Type.git",
                "reference": "334e6fd51ee5f419b16ad43b8b17bd132580af9e"
            },
            "dist": {
                "type": "zip",
                "url": "https://api.github.com/repos/chippyash/Strong-Type/zipball/334e6fd51ee5f419b16ad43b8b17bd132580af9e",
                "reference": "334e6fd51ee5f419b16ad43b8b17bd132580af9e",
                "shasum": ""
            },
            "require": {
                "php": ">=5.3"
            },
            "require-dev": {
                "codeclimate/php-test-reporter": "dev-master",
                "phpunit/phpunit": "~4.3.0"
            },
            "type": "library",
            "autoload": {
                "psr-0": {
                    "Chippyash\\Type\\": "src",
                    "Chippyash\\Zend\\": "src"
                }
            },
            "notification-url": "https://packagist.org/downloads/",
            "license": [
                "GPL 3.0"
            ],
            "authors": [
                {
                    "name": "Ashley Kitson",
                    "email": "ashley@zf4.biz"
                }
            ],
            "description": "Strong type support. For when you absolutely want to know what you are getting",
            "homepage": "http://zf4.biz/packages?utm_source=packagist&utm_medium=web&utm_campaign=blinks&utm_content=strongtype",
            "keywords": [
                "complex",
                "declared",
                "fractions",
                "hard",
                "maths",
                "polar",
                "rational",
                "strong",
                "types"
            ],
            "time": "2016-06-07 05:05:39"
        },
        {
            "name": "myclabs/php-enum",
            "version": "1.5.2",
            "source": {
                "type": "git",
                "url": "https://github.com/myclabs/php-enum.git",
                "reference": "3ed7088cfd0a0e06534b7f8b0eee82acea574fac"
            },
            "dist": {
                "type": "zip",
                "url": "https://api.github.com/repos/myclabs/php-enum/zipball/3ed7088cfd0a0e06534b7f8b0eee82acea574fac",
                "reference": "3ed7088cfd0a0e06534b7f8b0eee82acea574fac",
                "shasum": ""
            },
            "require": {
                "php": ">=5.3"
            },
            "require-dev": {
                "phpunit/phpunit": "^4.8.35|^5.7|^6.0",
                "squizlabs/php_codesniffer": "1.*"
            },
            "type": "library",
            "autoload": {
                "psr-4": {
                    "MyCLabs\\Enum\\": "src/"
                }
            },
            "notification-url": "https://packagist.org/downloads/",
            "license": [
                "MIT"
            ],
            "authors": [
                {
                    "name": "PHP Enum contributors",
                    "homepage": "https://github.com/myclabs/php-enum/graphs/contributors"
                }
            ],
            "description": "PHP Enum implementation",
            "homepage": "http://github.com/myclabs/php-enum",
            "keywords": [
                "enum"
            ],
            "time": "2017-06-28 16:24:08"
        },
        {
            "name": "symfony/polyfill-mbstring",
            "version": "v1.6.0",
            "source": {
                "type": "git",
                "url": "https://github.com/symfony/polyfill-mbstring.git",
                "reference": "2ec8b39c38cb16674bbf3fea2b6ce5bf117e1296"
            },
            "dist": {
                "type": "zip",
                "url": "https://api.github.com/repos/symfony/polyfill-mbstring/zipball/2ec8b39c38cb16674bbf3fea2b6ce5bf117e1296",
                "reference": "2ec8b39c38cb16674bbf3fea2b6ce5bf117e1296",
                "shasum": ""
            },
            "require": {
                "php": ">=5.3.3"
            },
            "suggest": {
                "ext-mbstring": "For best performance"
            },
            "type": "library",
            "extra": {
                "branch-alias": {
                    "dev-master": "1.6-dev"
                }
            },
            "autoload": {
                "psr-4": {
                    "Symfony\\Polyfill\\Mbstring\\": ""
                },
                "files": [
                    "bootstrap.php"
                ]
            },
            "notification-url": "https://packagist.org/downloads/",
            "license": [
                "MIT"
            ],
            "authors": [
                {
                    "name": "Nicolas Grekas",
                    "email": "p@tchwork.com"
                },
                {
                    "name": "Symfony Community",
                    "homepage": "https://symfony.com/contributors"
                }
            ],
            "description": "Symfony polyfill for the Mbstring extension",
            "homepage": "https://symfony.com",
            "keywords": [
                "compatibility",
                "mbstring",
                "polyfill",
                "portable",
                "shim"
            ],
            "time": "2017-10-11 12:05:26"
        },
        {
            "name": "symfony/var-dumper",
            "version": "v3.4.2",
            "source": {
                "type": "git",
                "url": "https://github.com/symfony/var-dumper.git",
                "reference": "757074cf71b952ce9e75b557538948811c2bf006"
            },
            "dist": {
                "type": "zip",
                "url": "https://api.github.com/repos/symfony/var-dumper/zipball/757074cf71b952ce9e75b557538948811c2bf006",
                "reference": "757074cf71b952ce9e75b557538948811c2bf006",
                "shasum": ""
            },
            "require": {
                "php": "^5.5.9|>=7.0.8",
                "symfony/polyfill-mbstring": "~1.0"
            },
            "conflict": {
                "phpunit/phpunit": "<4.8.35|<5.4.3,>=5.0"
            },
            "require-dev": {
                "ext-iconv": "*",
                "twig/twig": "~1.34|~2.4"
            },
            "suggest": {
                "ext-iconv": "To convert non-UTF-8 strings to UTF-8 (or symfony/polyfill-iconv in case ext-iconv cannot be used).",
                "ext-intl": "To show region name in time zone dump",
                "ext-symfony_debug": ""
            },
            "type": "library",
            "extra": {
                "branch-alias": {
                    "dev-master": "3.4-dev"
                }
            },
            "autoload": {
                "files": [
                    "Resources/functions/dump.php"
                ],
                "psr-4": {
                    "Symfony\\Component\\VarDumper\\": ""
                },
                "exclude-from-classmap": [
                    "/Tests/"
                ]
            },
            "notification-url": "https://packagist.org/downloads/",
            "license": [
                "MIT"
            ],
            "authors": [
                {
                    "name": "Nicolas Grekas",
                    "email": "p@tchwork.com"
                },
                {
                    "name": "Symfony Community",
                    "homepage": "https://symfony.com/contributors"
                }
            ],
            "description": "Symfony mechanism for exploring and dumping PHP variables",
            "homepage": "https://symfony.com",
            "keywords": [
                "debug",
                "dump"
            ],
            "time": "2017-12-11 22:06:16"
        }
    ],
    "packages-dev": [],
    "aliases": [],
    "minimum-stability": "stable",
    "stability-flags": [],
    "prefer-stable": false,
    "prefer-lowest": false,
    "platform": {
        "php": ">=5.3"
    },
    "platform-dev": []
}
